<?xml version="1.0" encoding="UTF-8" standalone="yes" ?>
<CodeBlocks_project_file>
	<FileVersion major="1" minor="6" />
	<Project>
		<Option title="watcher" />
		<Option makefile_is_custom="1" />
		<Option pch_mode="2" />
		<Option compiler="gcc" />
		<Build>
			<Target title="Debug">
				<Option output=".bin/Debug/watcher" prefix_auto="1" extension_auto="1" />
				<Option object_output=".obj/Debug/" />
				<Option type="1" />
				<Option compiler="gcc" />
				<Compiler>
					<Add option="-g" />
				</Compiler>
			</Target>
			<Target title="Release">
				<Option output=".bin/Release/watcher" prefix_auto="1" extension_auto="1" />
				<Option object_output=".obj/Release/" />
				<Option type="1" />
				<Option compiler="gcc" />
				<Compiler>
					<Add option="-O2" />
				</Compiler>
				<Linker>
					<Add option="-s" />
				</Linker>
			</Target>
		</Build>
		<Compiler>
			<Add option="-Wall" />
		</Compiler>
		<Unit filename="configure.ac" />
		<Unit filename="src/include/config.h" />
		<Unit filename="src/include/host.h" />
		<Unit filename="src/include/indicator.h" />
		<Unit filename="src/main/host.cc" />
		<Unit filename="src/main/indicator.cc" />
		<Unit filename="src/main/main.cc" />
		<Unit filename="src/os/linux/indicator.cc" />
		<Unit filename="src/os/windows/indicator.cc" />
		<Unit filename="src/os/windows/resources.h" />
		<Unit filename="src/os/windows/resources.rc">
			<Option compilerVar="WINDRES" />
		</Unit>
		<Extensions />
	</Project>
</CodeBlocks_project_file>
